
Microsoft Visual Studio Solution File, Format Version 12.00
# Visual Studio Version 16
VisualStudioVersion = 16.0.29409.12
MinimumVisualStudioVersion = 10.0.40219.1
Project("{888888A0-9F3D-457C-B088-3A5042F75D52}") = "AlienGame", "AlienGame\AlienGame.pyproj", "{D4DEE828-A08A-4968-8927-D9CFB6948D9C}"
EndProject
Global
	GlobalSection(SolutionConfigurationPlatforms) = preSolution
		Debug|Any CPU = Debug|Any CPU
		Release|Any CPU = Release|Any CPU
	EndGlobalSection
	GlobalSection(ProjectConfigurationPlatforms) = postSolution
		{D4DEE828-A08A-4968-8927-D9CFB6948D9C}.Debug|Any CPU.ActiveCfg = Debug|Any CPU
		{D4DEE828-A08A-4968-8927-D9CFB6948D9C}.Release|Any CPU.ActiveCfg = Release|Any CPU
	EndGlobalSection
	GlobalSection(SolutionProperties) = preSolution
		HideSolutionNode = FALSE
	EndGlobalSection
	GlobalSection(ExtensibilityGlobals) = postSolution
		SolutionGuid = {662213A9-DF67-4F15-863E-A9169796EF52}
	EndGlobalSection
EndGlobal
